// !$*UTF8*$!
{
	archiveVersion = 1;
	classes = {
	};
	objectVersion = 55;
	objects = {

/* Begin PBXBuildFile section */
		1005964D196014F25C83CE4B /* Pods_Extension_iOS_Extension_iOSUITests.framework in Frameworks */ = {isa = PBXBuildFile; fileRef = 752EAF15D4BC8BC28D2601FD /* Pods_Extension_iOS_Extension_iOSUITests.framework */; };
		86BCEEFE4D81CA3E868AF2DC /* Pods_Extension_iOS.framework in Frameworks */ = {isa = PBXBuildFile; fileRef = A5F98ADA8E85CE78C79288CC /* Pods_Extension_iOS.framework */; };
		C9B6309B5CF3B5FD966EE724 /* Pods_Extension_iOSTests.framework in Frameworks */ = {isa = PBXBuildFile; fileRef = 648C25966196776BFB660ECD /* Pods_Extension_iOSTests.framework */; };
		D266DE8029C9CC5D006F668C /* AppDelegate.swift in Sources */ = {isa = PBXBuildFile; fileRef = D266DE7F29C9CC5D006F668C /* AppDelegate.swift */; };
		D266DE8229C9CC5D006F668C /* SceneDelegate.swift in Sources */ = {isa = PBXBuildFile; fileRef = D266DE8129C9CC5D006F668C /* SceneDelegate.swift */; };
		D266DE8429C9CC5D006F668C /* ViewController.swift in Sources */ = {isa = PBXBuildFile; fileRef = D266DE8329C9CC5D006F668C /* ViewController.swift */; };
		D266DE8729C9CC5E006F668C /* Main.storyboard in Resources */ = {isa = PBXBuildFile; fileRef = D266DE8529C9CC5E006F668C /* Main.storyboard */; };
		D266DE8929C9CC60006F668C /* Assets.xcassets in Resources */ = {isa = PBXBuildFile; fileRef = D266DE8829C9CC60006F668C /* Assets.xcassets */; };
		D266DE8C29C9CC60006F668C /* LaunchScreen.storyboard in Resources */ = {isa = PBXBuildFile; fileRef = D266DE8A29C9CC60006F668C /* LaunchScreen.storyboard */; };
		D266DE9729C9CC60006F668C /* Extension_iOSTests.swift in Sources */ = {isa = PBXBuildFile; fileRef = D266DE9629C9CC60006F668C /* Extension_iOSTests.swift */; };
		D266DEA129C9CC60006F668C /* Extension_iOSUITests.swift in Sources */ = {isa = PBXBuildFile; fileRef = D266DEA029C9CC60006F668C /* Extension_iOSUITests.swift */; };
		D266DEA329C9CC60006F668C /* Extension_iOSUITestsLaunchTests.swift in Sources */ = {isa = PBXBuildFile; fileRef = D266DEA229C9CC60006F668C /* Extension_iOSUITestsLaunchTests.swift */; };
		D266DEB429CA0277006F668C /* Date+Formatter.swift in Sources */ = {isa = PBXBuildFile; fileRef = D266DEB329CA0277006F668C /* Date+Formatter.swift */; };
		D266DEB629CAA26C006F668C /* DateFormatter+Date.swift in Sources */ = {isa = PBXBuildFile; fileRef = D266DEB529CAA26C006F668C /* DateFormatter+Date.swift */; };
		D266DEB829CBD4A7006F668C /* Array+Contain.swift in Sources */ = {isa = PBXBuildFile; fileRef = D266DEB729CBD4A7006F668C /* Array+Contain.swift */; };
		D266DEBC29CC32BE006F668C /* Dictionary+Operation.swift in Sources */ = {isa = PBXBuildFile; fileRef = D266DEBB29CC32BE006F668C /* Dictionary+Operation.swift */; };
		D266DEBE29CCA931006F668C /* CLGeocoder+Address.swift in Sources */ = {isa = PBXBuildFile; fileRef = D266DEBD29CCA931006F668C /* CLGeocoder+Address.swift */; };
/* End PBXBuildFile section */

/* Begin PBXContainerItemProxy section */
		D266DE9329C9CC60006F668C /* PBXContainerItemProxy */ = {
			isa = PBXContainerItemProxy;
			containerPortal = D266DE7429C9CC5D006F668C /* Project object */;
			proxyType = 1;
			remoteGlobalIDString = D266DE7B29C9CC5D006F668C;
			remoteInfo = "Extension-iOS";
		};
		D266DE9D29C9CC60006F668C /* PBXContainerItemProxy */ = {
			isa = PBXContainerItemProxy;
			containerPortal = D266DE7429C9CC5D006F668C /* Project object */;
			proxyType = 1;
			remoteGlobalIDString = D266DE7B29C9CC5D006F668C;
			remoteInfo = "Extension-iOS";
		};
/* End PBXContainerItemProxy section */

/* Begin PBXFileReference section */
		22957132152D09DDCA2D02FB /* Pods-Extension-iOS-Extension-iOSUITests.debug.xcconfig */ = {isa = PBXFileReference; includeInIndex = 1; lastKnownFileType = text.xcconfig; name = "Pods-Extension-iOS-Extension-iOSUITests.debug.xcconfig"; path = "Target Support Files/Pods-Extension-iOS-Extension-iOSUITests/Pods-Extension-iOS-Extension-iOSUITests.debug.xcconfig"; sourceTree = "<group>"; };
		2A4127C88B1E4A00B28EE4A8 /* Pods-Extension-iOSTests.release.xcconfig */ = {isa = PBXFileReference; includeInIndex = 1; lastKnownFileType = text.xcconfig; name = "Pods-Extension-iOSTests.release.xcconfig"; path = "Target Support Files/Pods-Extension-iOSTests/Pods-Extension-iOSTests.release.xcconfig"; sourceTree = "<group>"; };
		648C25966196776BFB660ECD /* Pods_Extension_iOSTests.framework */ = {isa = PBXFileReference; explicitFileType = wrapper.framework; includeInIndex = 0; path = Pods_Extension_iOSTests.framework; sourceTree = BUILT_PRODUCTS_DIR; };
		7262C08448285E6AFC8A6D02 /* Pods-Extension-iOSTests.debug.xcconfig */ = {isa = PBXFileReference; includeInIndex = 1; lastKnownFileType = text.xcconfig; name = "Pods-Extension-iOSTests.debug.xcconfig"; path = "Target Support Files/Pods-Extension-iOSTests/Pods-Extension-iOSTests.debug.xcconfig"; sourceTree = "<group>"; };
		752EAF15D4BC8BC28D2601FD /* Pods_Extension_iOS_Extension_iOSUITests.framework */ = {isa = PBXFileReference; explicitFileType = wrapper.framework; includeInIndex = 0; path = Pods_Extension_iOS_Extension_iOSUITests.framework; sourceTree = BUILT_PRODUCTS_DIR; };
		A434EE6C76F8B1C413BC104B /* Pods-Extension-iOS.release.xcconfig */ = {isa = PBXFileReference; includeInIndex = 1; lastKnownFileType = text.xcconfig; name = "Pods-Extension-iOS.release.xcconfig"; path = "Target Support Files/Pods-Extension-iOS/Pods-Extension-iOS.release.xcconfig"; sourceTree = "<group>"; };
		A5F98ADA8E85CE78C79288CC /* Pods_Extension_iOS.framework */ = {isa = PBXFileReference; explicitFileType = wrapper.framework; includeInIndex = 0; path = Pods_Extension_iOS.framework; sourceTree = BUILT_PRODUCTS_DIR; };
		B43169F9510C2AA797F50ECF /* Pods-Extension-iOS.debug.xcconfig */ = {isa = PBXFileReference; includeInIndex = 1; lastKnownFileType = text.xcconfig; name = "Pods-Extension-iOS.debug.xcconfig"; path = "Target Support Files/Pods-Extension-iOS/Pods-Extension-iOS.debug.xcconfig"; sourceTree = "<group>"; };
		D266DE7C29C9CC5D006F668C /* Extension-iOS.app */ = {isa = PBXFileReference; explicitFileType = wrapper.application; includeInIndex = 0; path = "Extension-iOS.app"; sourceTree = BUILT_PRODUCTS_DIR; };
		D266DE7F29C9CC5D006F668C /* AppDelegate.swift */ = {isa = PBXFileReference; lastKnownFileType = sourcecode.swift; path = AppDelegate.swift; sourceTree = "<group>"; };
		D266DE8129C9CC5D006F668C /* SceneDelegate.swift */ = {isa = PBXFileReference; lastKnownFileType = sourcecode.swift; path = SceneDelegate.swift; sourceTree = "<group>"; };
		D266DE8329C9CC5D006F668C /* ViewController.swift */ = {isa = PBXFileReference; lastKnownFileType = sourcecode.swift; path = ViewController.swift; sourceTree = "<group>"; };
		D266DE8629C9CC5E006F668C /* Base */ = {isa = PBXFileReference; lastKnownFileType = file.storyboard; name = Base; path = Base.lproj/Main.storyboard; sourceTree = "<group>"; };
		D266DE8829C9CC60006F668C /* Assets.xcassets */ = {isa = PBXFileReference; lastKnownFileType = folder.assetcatalog; path = Assets.xcassets; sourceTree = "<group>"; };
		D266DE8B29C9CC60006F668C /* Base */ = {isa = PBXFileReference; lastKnownFileType = file.storyboard; name = Base; path = Base.lproj/LaunchScreen.storyboard; sourceTree = "<group>"; };
		D266DE8D29C9CC60006F668C /* Info.plist */ = {isa = PBXFileReference; lastKnownFileType = text.plist.xml; path = Info.plist; sourceTree = "<group>"; };
		D266DE9229C9CC60006F668C /* Extension-iOSTests.xctest */ = {isa = PBXFileReference; explicitFileType = wrapper.cfbundle; includeInIndex = 0; path = "Extension-iOSTests.xctest"; sourceTree = BUILT_PRODUCTS_DIR; };
		D266DE9629C9CC60006F668C /* Extension_iOSTests.swift */ = {isa = PBXFileReference; lastKnownFileType = sourcecode.swift; path = Extension_iOSTests.swift; sourceTree = "<group>"; };
		D266DE9C29C9CC60006F668C /* Extension-iOSUITests.xctest */ = {isa = PBXFileReference; explicitFileType = wrapper.cfbundle; includeInIndex = 0; path = "Extension-iOSUITests.xctest"; sourceTree = BUILT_PRODUCTS_DIR; };
		D266DEA029C9CC60006F668C /* Extension_iOSUITests.swift */ = {isa = PBXFileReference; lastKnownFileType = sourcecode.swift; path = Extension_iOSUITests.swift; sourceTree = "<group>"; };
		D266DEA229C9CC60006F668C /* Extension_iOSUITestsLaunchTests.swift */ = {isa = PBXFileReference; lastKnownFileType = sourcecode.swift; path = Extension_iOSUITestsLaunchTests.swift; sourceTree = "<group>"; };
		D266DEB329CA0277006F668C /* Date+Formatter.swift */ = {isa = PBXFileReference; lastKnownFileType = sourcecode.swift; path = "Date+Formatter.swift"; sourceTree = "<group>"; };
		D266DEB529CAA26C006F668C /* DateFormatter+Date.swift */ = {isa = PBXFileReference; lastKnownFileType = sourcecode.swift; path = "DateFormatter+Date.swift"; sourceTree = "<group>"; };
		D266DEB729CBD4A7006F668C /* Array+Contain.swift */ = {isa = PBXFileReference; lastKnownFileType = sourcecode.swift; path = "Array+Contain.swift"; sourceTree = "<group>"; };
		D266DEBB29CC32BE006F668C /* Dictionary+Operation.swift */ = {isa = PBXFileReference; lastKnownFileType = sourcecode.swift; path = "Dictionary+Operation.swift"; sourceTree = "<group>"; };
		D266DEBD29CCA931006F668C /* CLGeocoder+Address.swift */ = {isa = PBXFileReference; lastKnownFileType = sourcecode.swift; path = "CLGeocoder+Address.swift"; sourceTree = "<group>"; };
		F357254311C3F8517774B5DB /* Pods-Extension-iOS-Extension-iOSUITests.release.xcconfig */ = {isa = PBXFileReference; includeInIndex = 1; lastKnownFileType = text.xcconfig; name = "Pods-Extension-iOS-Extension-iOSUITests.release.xcconfig"; path = "Target Support Files/Pods-Extension-iOS-Extension-iOSUITests/Pods-Extension-iOS-Extension-iOSUITests.release.xcconfig"; sourceTree = "<group>"; };
/* End PBXFileReference section */

/* Begin PBXFrameworksBuildPhase section */
		D266DE7929C9CC5D006F668C /* Frameworks */ = {
			isa = PBXFrameworksBuildPhase;
			buildActionMask = 2147483647;
			files = (
				86BCEEFE4D81CA3E868AF2DC /* Pods_Extension_iOS.framework in Frameworks */,
			);
			runOnlyForDeploymentPostprocessing = 0;
		};
		D266DE8F29C9CC60006F668C /* Frameworks */ = {
			isa = PBXFrameworksBuildPhase;
			buildActionMask = 2147483647;
			files = (
				C9B6309B5CF3B5FD966EE724 /* Pods_Extension_iOSTests.framework in Frameworks */,
			);
			runOnlyForDeploymentPostprocessing = 0;
		};
		D266DE9929C9CC60006F668C /* Frameworks */ = {
			isa = PBXFrameworksBuildPhase;
			buildActionMask = 2147483647;
			files = (
				1005964D196014F25C83CE4B /* Pods_Extension_iOS_Extension_iOSUITests.framework in Frameworks */,
			);
			runOnlyForDeploymentPostprocessing = 0;
		};
/* End PBXFrameworksBuildPhase section */

/* Begin PBXGroup section */
		3A7ADDC15787A049D187AECA /* Pods */ = {
			isa = PBXGroup;
			children = (
				B43169F9510C2AA797F50ECF /* Pods-Extension-iOS.debug.xcconfig */,
				A434EE6C76F8B1C413BC104B /* Pods-Extension-iOS.release.xcconfig */,
				22957132152D09DDCA2D02FB /* Pods-Extension-iOS-Extension-iOSUITests.debug.xcconfig */,
				F357254311C3F8517774B5DB /* Pods-Extension-iOS-Extension-iOSUITests.release.xcconfig */,
				7262C08448285E6AFC8A6D02 /* Pods-Extension-iOSTests.debug.xcconfig */,
				2A4127C88B1E4A00B28EE4A8 /* Pods-Extension-iOSTests.release.xcconfig */,
			);
			path = Pods;
			sourceTree = "<group>";
		};
		CCBF72A48CE983963AE4F344 /* Frameworks */ = {
			isa = PBXGroup;
			children = (
				A5F98ADA8E85CE78C79288CC /* Pods_Extension_iOS.framework */,
				752EAF15D4BC8BC28D2601FD /* Pods_Extension_iOS_Extension_iOSUITests.framework */,
				648C25966196776BFB660ECD /* Pods_Extension_iOSTests.framework */,
			);
			name = Frameworks;
			sourceTree = "<group>";
		};
		D266DE7329C9CC5D006F668C = {
			isa = PBXGroup;
			children = (
				D266DE7E29C9CC5D006F668C /* Extension-iOS */,
				D266DE9529C9CC60006F668C /* Extension-iOSTests */,
				D266DE9F29C9CC60006F668C /* Extension-iOSUITests */,
				D266DE7D29C9CC5D006F668C /* Products */,
				3A7ADDC15787A049D187AECA /* Pods */,
				CCBF72A48CE983963AE4F344 /* Frameworks */,
			);
			sourceTree = "<group>";
		};
		D266DE7D29C9CC5D006F668C /* Products */ = {
			isa = PBXGroup;
			children = (
				D266DE7C29C9CC5D006F668C /* Extension-iOS.app */,
				D266DE9229C9CC60006F668C /* Extension-iOSTests.xctest */,
				D266DE9C29C9CC60006F668C /* Extension-iOSUITests.xctest */,
			);
			name = Products;
			sourceTree = "<group>";
		};
		D266DE7E29C9CC5D006F668C /* Extension-iOS */ = {
			isa = PBXGroup;
			children = (
				D266DEB229CA0263006F668C /* Extension */,
				D266DE7F29C9CC5D006F668C /* AppDelegate.swift */,
				D266DE8129C9CC5D006F668C /* SceneDelegate.swift */,
				D266DE8329C9CC5D006F668C /* ViewController.swift */,
				D266DE8529C9CC5E006F668C /* Main.storyboard */,
				D266DE8829C9CC60006F668C /* Assets.xcassets */,
				D266DE8A29C9CC60006F668C /* LaunchScreen.storyboard */,
				D266DE8D29C9CC60006F668C /* Info.plist */,
			);
			path = "Extension-iOS";
			sourceTree = "<group>";
		};
		D266DE9529C9CC60006F668C /* Extension-iOSTests */ = {
			isa = PBXGroup;
			children = (
				D266DE9629C9CC60006F668C /* Extension_iOSTests.swift */,
			);
			path = "Extension-iOSTests";
			sourceTree = "<group>";
		};
		D266DE9F29C9CC60006F668C /* Extension-iOSUITests */ = {
			isa = PBXGroup;
			children = (
				D266DEA029C9CC60006F668C /* Extension_iOSUITests.swift */,
				D266DEA229C9CC60006F668C /* Extension_iOSUITestsLaunchTests.swift */,
			);
			path = "Extension-iOSUITests";
			sourceTree = "<group>";
		};
		D266DEB229CA0263006F668C /* Extension */ = {
			isa = PBXGroup;
			children = (
				D266DEB329CA0277006F668C /* Date+Formatter.swift */,
				D266DEB529CAA26C006F668C /* DateFormatter+Date.swift */,
				D266DEB729CBD4A7006F668C /* Array+Contain.swift */,
				D266DEBB29CC32BE006F668C /* Dictionary+Operation.swift */,
				D266DEBD29CCA931006F668C /* CLGeocoder+Address.swift */,
			);
			path = Extension;
			sourceTree = "<group>";
		};
/* End PBXGroup section */

/* Begin PBXNativeTarget section */
		D266DE7B29C9CC5D006F668C /* Extension-iOS */ = {
			isa = PBXNativeTarget;
			buildConfigurationList = D266DEA629C9CC60006F668C /* Build configuration list for PBXNativeTarget "Extension-iOS" */;
			buildPhases = (
				8824F02BE0C1C8FCBBBF32B0 /* [CP] Check Pods Manifest.lock */,
				D266DE7829C9CC5D006F668C /* Sources */,
				D266DE7929C9CC5D006F668C /* Frameworks */,
				D266DE7A29C9CC5D006F668C /* Resources */,
			);
			buildRules = (
			);
			dependencies = (
			);
			name = "Extension-iOS";
			productName = "Extension-iOS";
			productReference = D266DE7C29C9CC5D006F668C /* Extension-iOS.app */;
			productType = "com.apple.product-type.application";
		};
		D266DE9129C9CC60006F668C /* Extension-iOSTests */ = {
			isa = PBXNativeTarget;
			buildConfigurationList = D266DEA929C9CC60006F668C /* Build configuration list for PBXNativeTarget "Extension-iOSTests" */;
			buildPhases = (
				4B4C4AD8441CB442D131C8FF /* [CP] Check Pods Manifest.lock */,
				D266DE8E29C9CC60006F668C /* Sources */,
				D266DE8F29C9CC60006F668C /* Frameworks */,
				D266DE9029C9CC60006F668C /* Resources */,
			);
			buildRules = (
			);
			dependencies = (
				D266DE9429C9CC60006F668C /* PBXTargetDependency */,
			);
			name = "Extension-iOSTests";
			productName = "Extension-iOSTests";
			productReference = D266DE9229C9CC60006F668C /* Extension-iOSTests.xctest */;
			productType = "com.apple.product-type.bundle.unit-test";
		};
		D266DE9B29C9CC60006F668C /* Extension-iOSUITests */ = {
			isa = PBXNativeTarget;
			buildConfigurationList = D266DEAC29C9CC60006F668C /* Build configuration list for PBXNativeTarget "Extension-iOSUITests" */;
			buildPhases = (
				2678E6B2394281B307994BAE /* [CP] Check Pods Manifest.lock */,
				D266DE9829C9CC60006F668C /* Sources */,
				D266DE9929C9CC60006F668C /* Frameworks */,
				D266DE9A29C9CC60006F668C /* Resources */,
			);
			buildRules = (
			);
			dependencies = (
				D266DE9E29C9CC60006F668C /* PBXTargetDependency */,
			);
			name = "Extension-iOSUITests";
			productName = "Extension-iOSUITests";
			productReference = D266DE9C29C9CC60006F668C /* Extension-iOSUITests.xctest */;
			productType = "com.apple.product-type.bundle.ui-testing";
		};
/* End PBXNativeTarget section */

/* Begin PBXProject section */
		D266DE7429C9CC5D006F668C /* Project object */ = {
			isa = PBXProject;
			attributes = {
				BuildIndependentTargetsInParallel = 1;
				LastSwiftUpdateCheck = 1320;
				LastUpgradeCheck = 1320;
				TargetAttributes = {
					D266DE7B29C9CC5D006F668C = {
						CreatedOnToolsVersion = 13.2;
					};
					D266DE9129C9CC60006F668C = {
						CreatedOnToolsVersion = 13.2;
						TestTargetID = D266DE7B29C9CC5D006F668C;
					};
					D266DE9B29C9CC60006F668C = {
						CreatedOnToolsVersion = 13.2;
						TestTargetID = D266DE7B29C9CC5D006F668C;
					};
				};
			};
			buildConfigurationList = D266DE7729C9CC5D006F668C /* Build configuration list for PBXProject "Extension-iOS" */;
			compatibilityVersion = "Xcode 13.0";
			developmentRegion = en;
			hasScannedForEncodings = 0;
			knownRegions = (
				en,
				Base,
			);
			mainGroup = D266DE7329C9CC5D006F668C;
			productRefGroup = D266DE7D29C9CC5D006F668C /* Products */;
			projectDirPath = "";
			projectRoot = "";
			targets = (
				D266DE7B29C9CC5D006F668C /* Extension-iOS */,
				D266DE9129C9CC60006F668C /* Extension-iOSTests */,
				D266DE9B29C9CC60006F668C /* Extension-iOSUITests */,
			);
		};
/* End PBXProject section */

/* Begin PBXResourcesBuildPhase section */
		D266DE7A29C9CC5D006F668C /* Resources */ = {
			isa = PBXResourcesBuildPhase;
			buildActionMask = 2147483647;
			files = (
				D266DE8C29C9CC60006F668C /* LaunchScreen.storyboard in Resources */,
				D266DE8929C9CC60006F668C /* Assets.xcassets in Resources */,
				D266DE8729C9CC5E006F668C /* Main.storyboard in Resources */,
			);
			runOnlyForDeploymentPostprocessing = 0;
		};
		D266DE9029C9CC60006F668C /* Resources */ = {
			isa = PBXResourcesBuildPhase;
			buildActionMask = 2147483647;
			files = (
			);
			runOnlyForDeploymentPostprocessing = 0;
		};
		D266DE9A29C9CC60006F668C /* Resources */ = {
			isa = PBXResourcesBuildPhase;
			buildActionMask = 2147483647;
			files = (
			);
			runOnlyForDeploymentPostprocessing = 0;
		};
/* End PBXResourcesBuildPhase section */

/* Begin PBXShellScriptBuildPhase section */
		2678E6B2394281B307994BAE /* [CP] Check Pods Manifest.lock */ = {
			isa = PBXShellScriptBuildPhase;
			buildActionMask = 2147483647;
			files = (
			);
			inputFileListPaths = (
			);
			inputPaths = (
				"${PODS_PODFILE_DIR_PATH}/Podfile.lock",
				"${PODS_ROOT}/Manifest.lock",
			);
			name = "[CP] Check Pods Manifest.lock";
			outputFileListPaths = (
			);
			outputPaths = (
				"$(DERIVED_FILE_DIR)/Pods-Extension-iOS-Extension-iOSUITests-checkManifestLockResult.txt",
			);
			runOnlyForDeploymentPostprocessing = 0;
			shellPath = /bin/sh;
			shellScript = "diff \"${PODS_PODFILE_DIR_PATH}/Podfile.lock\" \"${PODS_ROOT}/Manifest.lock\" > /dev/null\nif [ $? != 0 ] ; then\n    # print error to STDERR\n    echo \"error: The sandbox is not in sync with the Podfile.lock. Run 'pod install' or update your CocoaPods installation.\" >&2\n    exit 1\nfi\n# This output is used by Xcode 'outputs' to avoid re-running this script phase.\necho \"SUCCESS\" > \"${SCRIPT_OUTPUT_FILE_0}\"\n";
			showEnvVarsInLog = 0;
		};
		4B4C4AD8441CB442D131C8FF /* [CP] Check Pods Manifest.lock */ = {
			isa = PBXShellScriptBuildPhase;
			buildActionMask = 2147483647;
			files = (
			);
			inputFileListPaths = (
			);
			inputPaths = (
				"${PODS_PODFILE_DIR_PATH}/Podfile.lock",
				"${PODS_ROOT}/Manifest.lock",
			);
			name = "[CP] Check Pods Manifest.lock";
			outputFileListPaths = (
			);
			outputPaths = (
				"$(DERIVED_FILE_DIR)/Pods-Extension-iOSTests-checkManifestLockResult.txt",
			);
			runOnlyForDeploymentPostprocessing = 0;
			shellPath = /bin/sh;
			shellScript = "diff \"${PODS_PODFILE_DIR_PATH}/Podfile.lock\" \"${PODS_ROOT}/Manifest.lock\" > /dev/null\nif [ $? != 0 ] ; then\n    # print error to STDERR\n    echo \"error: The sandbox is not in sync with the Podfile.lock. Run 'pod install' or update your CocoaPods installation.\" >&2\n    exit 1\nfi\n# This output is used by Xcode 'outputs' to avoid re-running this script phase.\necho \"SUCCESS\" > \"${SCRIPT_OUTPUT_FILE_0}\"\n";
			showEnvVarsInLog = 0;
		};
		8824F02BE0C1C8FCBBBF32B0 /* [CP] Check Pods Manifest.lock */ = {
			isa = PBXShellScriptBuildPhase;
			buildActionMask = 2147483647;
			files = (
			);
			inputFileListPaths = (
			);
			inputPaths = (
				"${PODS_PODFILE_DIR_PATH}/Podfile.lock",
				"${PODS_ROOT}/Manifest.lock",
			);
			name = "[CP] Check Pods Manifest.lock";
			outputFileListPaths = (
			);
			outputPaths = (
				"$(DERIVED_FILE_DIR)/Pods-Extension-iOS-checkManifestLockResult.txt",
			);
			runOnlyForDeploymentPostprocessing = 0;
			shellPath = /bin/sh;
			shellScript = "diff \"${PODS_PODFILE_DIR_PATH}/Podfile.lock\" \"${PODS_ROOT}/Manifest.lock\" > /dev/null\nif [ $? != 0 ] ; then\n    # print error to STDERR\n    echo \"error: The sandbox is not in sync with the Podfile.lock. Run 'pod install' or update your CocoaPods installation.\" >&2\n    exit 1\nfi\n# This output is used by Xcode 'outputs' to avoid re-running this script phase.\necho \"SUCCESS\" > \"${SCRIPT_OUTPUT_FILE_0}\"\n";
			showEnvVarsInLog = 0;
		};
/* End PBXShellScriptBuildPhase section */

/* Begin PBXSourcesBuildPhase section */
		D266DE7829C9CC5D006F668C /* Sources */ = {
			isa = PBXSourcesBuildPhase;
			buildActionMask = 2147483647;
			files = (
				D266DEB629CAA26C006F668C /* DateFormatter+Date.swift in Sources */,
				D266DEBC29CC32BE006F668C /* Dictionary+Operation.swift in Sources */,
				D266DEB429CA0277006F668C /* Date+Formatter.swift in Sources */,
				D266DEBE29CCA931006F668C /* CLGeocoder+Address.swift in Sources */,
				D266DE8429C9CC5D006F668C /* ViewController.swift in Sources */,
				D266DEB829CBD4A7006F668C /* Array+Contain.swift in Sources */,
				D266DE8029C9CC5D006F668C /* AppDelegate.swift in Sources */,
				D266DE8229C9CC5D006F668C /* SceneDelegate.swift in Sources */,
			);
			runOnlyForDeploymentPostprocessing = 0;
		};
		D266DE8E29C9CC60006F668C /* Sources */ = {
			isa = PBXSourcesBuildPhase;
			buildActionMask = 2147483647;
			files = (
				D266DE9729C9CC60006F668C /* Extension_iOSTests.swift in Sources */,
			);
			runOnlyForDeploymentPostprocessing = 0;
		};
		D266DE9829C9CC60006F668C /* Sources */ = {
			isa = PBXSourcesBuildPhase;
			buildActionMask = 2147483647;
			files = (
				D266DEA329C9CC60006F668C /* Extension_iOSUITestsLaunchTests.swift in Sources */,
				D266DEA129C9CC60006F668C /* Extension_iOSUITests.swift in Sources */,
			);
			runOnlyForDeploymentPostprocessing = 0;
		};
/* End PBXSourcesBuildPhase section */

/* Begin PBXTargetDependency section */
		D266DE9429C9CC60006F668C /* PBXTargetDependency */ = {
			isa = PBXTargetDependency;
			target = D266DE7B29C9CC5D006F668C /* Extension-iOS */;
			targetProxy = D266DE9329C9CC60006F668C /* PBXContainerItemProxy */;
		};
		D266DE9E29C9CC60006F668C /* PBXTargetDependency */ = {
			isa = PBXTargetDependency;
			target = D266DE7B29C9CC5D006F668C /* Extension-iOS */;
			targetProxy = D266DE9D29C9CC60006F668C /* PBXContainerItemProxy */;
		};
/* End PBXTargetDependency section */

/* Begin PBXVariantGroup section */
		D266DE8529C9CC5E006F668C /* Main.storyboard */ = {
			isa = PBXVariantGroup;
			children = (
				D266DE8629C9CC5E006F668C /* Base */,
			);
			name = Main.storyboard;
			sourceTree = "<group>";
		};
		D266DE8A29C9CC60006F668C /* LaunchScreen.storyboard */ = {
			isa = PBXVariantGroup;
			children = (
				D266DE8B29C9CC60006F668C /* Base */,
			);
			name = LaunchScreen.storyboard;
			sourceTree = "<group>";
		};
/* End PBXVariantGroup section */

/* Begin XCBuildConfiguration section */
		D266DEA429C9CC60006F668C /* Debug */ = {
			isa = XCBuildConfiguration;
			buildSettings = {
				ALWAYS_SEARCH_USER_PATHS = NO;
				CLANG_ANALYZER_NONNULL = YES;
				CLANG_ANALYZER_NUMBER_OBJECT_CONVERSION = YES_AGGRESSIVE;
				CLANG_CXX_LANGUAGE_STANDARD = "gnu++17";
				CLANG_CXX_LIBRARY = "libc++";
				CLANG_ENABLE_MODULES = YES;
				CLANG_ENABLE_OBJC_ARC = YES;
				CLANG_ENABLE_OBJC_WEAK = YES;
				CLANG_WARN_BLOCK_CAPTURE_AUTORELEASING = YES;
				CLANG_WARN_BOOL_CONVERSION = YES;
				CLANG_WARN_COMMA = YES;
				CLANG_WARN_CONSTANT_CONVERSION = YES;
				CLANG_WARN_DEPRECATED_OBJC_IMPLEMENTATIONS = YES;
				CLANG_WARN_DIRECT_OBJC_ISA_USAGE = YES_ERROR;
				CLANG_WARN_DOCUMENTATION_COMMENTS = YES;
				CLANG_WARN_EMPTY_BODY = YES;
				CLANG_WARN_ENUM_CONVERSION = YES;
				CLANG_WARN_INFINITE_RECURSION = YES;
				CLANG_WARN_INT_CONVERSION = YES;
				CLANG_WARN_NON_LITERAL_NULL_CONVERSION = YES;
				CLANG_WARN_OBJC_IMPLICIT_RETAIN_SELF = YES;
				CLANG_WARN_OBJC_LITERAL_CONVERSION = YES;
				CLANG_WARN_OBJC_ROOT_CLASS = YES_ERROR;
				CLANG_WARN_QUOTED_INCLUDE_IN_FRAMEWORK_HEADER = YES;
				CLANG_WARN_RANGE_LOOP_ANALYSIS = YES;
				CLANG_WARN_STRICT_PROTOTYPES = YES;
				CLANG_WARN_SUSPICIOUS_MOVE = YES;
				CLANG_WARN_UNGUARDED_AVAILABILITY = YES_AGGRESSIVE;
				CLANG_WARN_UNREACHABLE_CODE = YES;
				CLANG_WARN__DUPLICATE_METHOD_MATCH = YES;
				COPY_PHASE_STRIP = NO;
				DEBUG_INFORMATION_FORMAT = dwarf;
				ENABLE_STRICT_OBJC_MSGSEND = YES;
				ENABLE_TESTABILITY = YES;
				GCC_C_LANGUAGE_STANDARD = gnu11;
				GCC_DYNAMIC_NO_PIC = NO;
				GCC_NO_COMMON_BLOCKS = YES;
				GCC_OPTIMIZATION_LEVEL = 0;
				GCC_PREPROCESSOR_DEFINITIONS = (
					"DEBUG=1",
					"$(inherited)",
				);
				GCC_WARN_64_TO_32_BIT_CONVERSION = YES;
				GCC_WARN_ABOUT_RETURN_TYPE = YES_ERROR;
				GCC_WARN_UNDECLARED_SELECTOR = YES;
				GCC_WARN_UNINITIALIZED_AUTOS = YES_AGGRESSIVE;
				GCC_WARN_UNUSED_FUNCTION = YES;
				GCC_WARN_UNUSED_VARIABLE = YES;
				IPHONEOS_DEPLOYMENT_TARGET = 15.2;
				MTL_ENABLE_DEBUG_INFO = INCLUDE_SOURCE;
				MTL_FAST_MATH = YES;
				ONLY_ACTIVE_ARCH = YES;
				SDKROOT = iphoneos;
				SWIFT_ACTIVE_COMPILATION_CONDITIONS = DEBUG;
				SWIFT_OPTIMIZATION_LEVEL = "-Onone";
			};
			name = Debug;
		};
		D266DEA529C9CC60006F668C /* Release */ = {
			isa = XCBuildConfiguration;
			buildSettings = {
				ALWAYS_SEARCH_USER_PATHS = NO;
				CLANG_ANALYZER_NONNULL = YES;
				CLANG_ANALYZER_NUMBER_OBJECT_CONVERSION = YES_AGGRESSIVE;
				CLANG_CXX_LANGUAGE_STANDARD = "gnu++17";
				CLANG_CXX_LIBRARY = "libc++";
				CLANG_ENABLE_MODULES = YES;
				CLANG_ENABLE_OBJC_ARC = YES;
				CLANG_ENABLE_OBJC_WEAK = YES;
				CLANG_WARN_BLOCK_CAPTURE_AUTORELEASING = YES;
				CLANG_WARN_BOOL_CONVERSION = YES;
				CLANG_WARN_COMMA = YES;
				CLANG_WARN_CONSTANT_CONVERSION = YES;
				CLANG_WARN_DEPRECATED_OBJC_IMPLEMENTATIONS = YES;
				CLANG_WARN_DIRECT_OBJC_ISA_USAGE = YES_ERROR;
				CLANG_WARN_DOCUMENTATION_COMMENTS = YES;
				CLANG_WARN_EMPTY_BODY = YES;
				CLANG_WARN_ENUM_CONVERSION = YES;
				CLANG_WARN_INFINITE_RECURSION = YES;
				CLANG_WARN_INT_CONVERSION = YES;
				CLANG_WARN_NON_LITERAL_NULL_CONVERSION = YES;
				CLANG_WARN_OBJC_IMPLICIT_RETAIN_SELF = YES;
				CLANG_WARN_OBJC_LITERAL_CONVERSION = YES;
				CLANG_WARN_OBJC_ROOT_CLASS = YES_ERROR;
				CLANG_WARN_QUOTED_INCLUDE_IN_FRAMEWORK_HEADER = YES;
				CLANG_WARN_RANGE_LOOP_ANALYSIS = YES;
				CLANG_WARN_STRICT_PROTOTYPES = YES;
				CLANG_WARN_SUSPICIOUS_MOVE = YES;
				CLANG_WARN_UNGUARDED_AVAILABILITY = YES_AGGRESSIVE;
				CLANG_WARN_UNREACHABLE_CODE = YES;
				CLANG_WARN__DUPLICATE_METHOD_MATCH = YES;
				COPY_PHASE_STRIP = NO;
				DEBUG_INFORMATION_FORMAT = "dwarf-with-dsym";
				ENABLE_NS_ASSERTIONS = NO;
				ENABLE_STRICT_OBJC_MSGSEND = YES;
				GCC_C_LANGUAGE_STANDARD = gnu11;
				GCC_NO_COMMON_BLOCKS = YES;
				GCC_WARN_64_TO_32_BIT_CONVERSION = YES;
				GCC_WARN_ABOUT_RETURN_TYPE = YES_ERROR;
				GCC_WARN_UNDECLARED_SELECTOR = YES;
				GCC_WARN_UNINITIALIZED_AUTOS = YES_AGGRESSIVE;
				GCC_WARN_UNUSED_FUNCTION = YES;
				GCC_WARN_UNUSED_VARIABLE = YES;
				IPHONEOS_DEPLOYMENT_TARGET = 15.2;
				MTL_ENABLE_DEBUG_INFO = NO;
				MTL_FAST_MATH = YES;
				SDKROOT = iphoneos;
				SWIFT_COMPILATION_MODE = wholemodule;
				SWIFT_OPTIMIZATION_LEVEL = "-O";
				VALIDATE_PRODUCT = YES;
			};
			name = Release;
		};
		D266DEA729C9CC60006F668C /* Debug */ = {
			isa = XCBuildConfiguration;
			baseConfigurationReference = B43169F9510C2AA797F50ECF /* Pods-Extension-iOS.debug.xcconfig */;
			buildSettings = {
				ASSETCATALOG_COMPILER_APPICON_NAME = AppIcon;
				ASSETCATALOG_COMPILER_GLOBAL_ACCENT_COLOR_NAME = AccentColor;
				CODE_SIGN_STYLE = Automatic;
				CURRENT_PROJECT_VERSION = 1;
				GENERATE_INFOPLIST_FILE = YES;
				INFOPLIST_FILE = "Extension-iOS/Info.plist";
				INFOPLIST_KEY_UIApplicationSupportsIndirectInputEvents = YES;
				INFOPLIST_KEY_UILaunchStoryboardName = LaunchScreen;
				INFOPLIST_KEY_UIMainStoryboardFile = Main;
				INFOPLIST_KEY_UISupportedInterfaceOrientations_iPad = "UIInterfaceOrientationPortrait UIInterfaceOrientationPortraitUpsideDown UIInterfaceOrientationLandscapeLeft UIInterfaceOrientationLandscapeRight";
				INFOPLIST_KEY_UISupportedInterfaceOrientations_iPhone = "UIInterfaceOrientationPortrait UIInterfaceOrientationLandscapeLeft UIInterfaceOrientationLandscapeRight";
				LD_RUNPATH_SEARCH_PATHS = (
					"$(inherited)",
					"@executable_path/Frameworks",
				);
				MARKETING_VERSION = 1.0;
				PRODUCT_BUNDLE_IDENTIFIER = "jp.co.Extension-iOS";
				PRODUCT_NAME = "$(TARGET_NAME)";
				SWIFT_EMIT_LOC_STRINGS = YES;
				SWIFT_VERSION = 5.0;
				TARGETED_DEVICE_FAMILY = "1,2";
			};
			name = Debug;
		};
		D266DEA829C9CC60006F668C /* Release */ = {
			isa = XCBuildConfiguration;
			baseConfigurationReference = A434EE6C76F8B1C413BC104B /* Pods-Extension-iOS.release.xcconfig */;
			buildSettings = {
				ASSETCATALOG_COMPILER_APPICON_NAME = AppIcon;
				ASSETCATALOG_COMPILER_GLOBAL_ACCENT_COLOR_NAME = AccentColor;
				CODE_SIGN_STYLE = Automatic;
				CURRENT_PROJECT_VERSION = 1;
				GENERATE_INFOPLIST_FILE = YES;
				INFOPLIST_FILE = "Extension-iOS/Info.plist";
				INFOPLIST_KEY_UIApplicationSupportsIndirectInputEvents = YES;
				INFOPLIST_KEY_UILaunchStoryboardName = LaunchScreen;
				INFOPLIST_KEY_UIMainStoryboardFile = Main;
				INFOPLIST_KEY_UISupportedInterfaceOrientations_iPad = "UIInterfaceOrientationPortrait UIInterfaceOrientationPortraitUpsideDown UIInterfaceOrientationLandscapeLeft UIInterfaceOrientationLandscapeRight";
				INFOPLIST_KEY_UISupportedInterfaceOrientations_iPhone = "UIInterfaceOrientationPortrait UIInterfaceOrientationLandscapeLeft UIInterfaceOrientationLandscapeRight";
				LD_RUNPATH_SEARCH_PATHS = (
					"$(inherited)",
					"@executable_path/Frameworks",
				);
				MARKETING_VERSION = 1.0;
				PRODUCT_BUNDLE_IDENTIFIER = "jp.co.Extension-iOS";
				PRODUCT_NAME = "$(TARGET_NAME)";
				SWIFT_EMIT_LOC_STRINGS = YES;
				SWIFT_VERSION = 5.0;
				TARGETED_DEVICE_FAMILY = "1,2";
			};
			name = Release;
		};
		D266DEAA29C9CC60006F668C /* Debug */ = {
			isa = XCBuildConfiguration;
			baseConfigurationReference = 7262C08448285E6AFC8A6D02 /* Pods-Extension-iOSTests.debug.xcconfig */;
			buildSettings = {
				ALWAYS_EMBED_SWIFT_STANDARD_LIBRARIES = YES;
				BUNDLE_LOADER = "$(TEST_HOST)";
				CODE_SIGN_STYLE = Automatic;
				CURRENT_PROJECT_VERSION = 1;
				GENERATE_INFOPLIST_FILE = YES;
				IPHONEOS_DEPLOYMENT_TARGET = 15.2;
				MARKETING_VERSION = 1.0;
				PRODUCT_BUNDLE_IDENTIFIER = "jp.co.Extension-iOSTests";
				PRODUCT_NAME = "$(TARGET_NAME)";
				SWIFT_EMIT_LOC_STRINGS = NO;
				SWIFT_VERSION = 5.0;
				TARGETED_DEVICE_FAMILY = "1,2";
				TEST_HOST = "$(BUILT_PRODUCTS_DIR)/Extension-iOS.app/Extension-iOS";
			};
			name = Debug;
		};
		D266DEAB29C9CC60006F668C /* Release */ = {
			isa = XCBuildConfiguration;
			baseConfigurationReference = 2A4127C88B1E4A00B28EE4A8 /* Pods-Extension-iOSTests.release.xcconfig */;
			buildSettings = {
				ALWAYS_EMBED_SWIFT_STANDARD_LIBRARIES = YES;
				BUNDLE_LOADER = "$(TEST_HOST)";
				CODE_SIGN_STYLE = Automatic;
				CURRENT_PROJECT_VERSION = 1;
				GENERATE_INFOPLIST_FILE = YES;
				IPHONEOS_DEPLOYMENT_TARGET = 15.2;
				MARKETING_VERSION = 1.0;
				PRODUCT_BUNDLE_IDENTIFIER = "jp.co.Extension-iOSTests";
				PRODUCT_NAME = "$(TARGET_NAME)";
				SWIFT_EMIT_LOC_STRINGS = NO;
				SWIFT_VERSION = 5.0;
				TARGETED_DEVICE_FAMILY = "1,2";
				TEST_HOST = "$(BUILT_PRODUCTS_DIR)/Extension-iOS.app/Extension-iOS";
			};
			name = Release;
		};
		D266DEAD29C9CC60006F668C /* Debug */ = {
			isa = XCBuildConfiguration;
			baseConfigurationReference = 22957132152D09DDCA2D02FB /* Pods-Extension-iOS-Extension-iOSUITests.debug.xcconfig */;
			buildSettings = {
				ALWAYS_EMBED_SWIFT_STANDARD_LIBRARIES = YES;
				CODE_SIGN_STYLE = Automatic;
				CURRENT_PROJECT_VERSION = 1;
				GENERATE_INFOPLIST_FILE = YES;
				MARKETING_VERSION = 1.0;
				PRODUCT_BUNDLE_IDENTIFIER = "jp.co.Extension-iOSUITests";
				PRODUCT_NAME = "$(TARGET_NAME)";
				SWIFT_EMIT_LOC_STRINGS = NO;
				SWIFT_VERSION = 5.0;
				TARGETED_DEVICE_FAMILY = "1,2";
				TEST_TARGET_NAME = "Extension-iOS";
			};
			name = Debug;
		};
		D266DEAE29C9CC60006F668C /* Release */ = {
			isa = XCBuildConfiguration;
			baseConfigurationReference = F357254311C3F8517774B5DB /* Pods-Extension-iOS-Extension-iOSUITests.release.xcconfig */;
			buildSettings = {
				ALWAYS_EMBED_SWIFT_STANDARD_LIBRARIES = YES;
				CODE_SIGN_STYLE = Automatic;
				CURRENT_PROJECT_VERSION = 1;
				GENERATE_INFOPLIST_FILE = YES;
				MARKETING_VERSION = 1.0;
				PRODUCT_BUNDLE_IDENTIFIER = "jp.co.Extension-iOSUITests";
				PRODUCT_NAME = "$(TARGET_NAME)";
				SWIFT_EMIT_LOC_STRINGS = NO;
				SWIFT_VERSION = 5.0;
				TARGETED_DEVICE_FAMILY = "1,2";
				TEST_TARGET_NAME = "Extension-iOS";
			};
			name = Release;
		};
/* End XCBuildConfiguration section */

/* Begin XCConfigurationList section */
		D266DE7729C9CC5D006F668C /* Build configuration list for PBXProject "Extension-iOS" */ = {
			isa = XCConfigurationList;
			buildConfigurations = (
				D266DEA429C9CC60006F668C /* Debug */,
				D266DEA529C9CC60006F668C /* Release */,
			);
			defaultConfigurationIsVisible = 0;
			defaultConfigurationName = Release;
		};
		D266DEA629C9CC60006F668C /* Build configuration list for PBXNativeTarget "Extension-iOS" */ = {
			isa = XCConfigurationList;
			buildConfigurations = (
				D266DEA729C9CC60006F668C /* Debug */,
				D266DEA829C9CC60006F668C /* Release */,
			);
			defaultConfigurationIsVisible = 0;
			defaultConfigurationName = Release;
		};
		D266DEA929C9CC60006F668C /* Build configuration list for PBXNativeTarget "Extension-iOSTests" */ = {
			isa = XCConfigurationList;
			buildConfigurations = (
				D266DEAA29C9CC60006F668C /* Debug */,
				D266DEAB29C9CC60006F668C /* Release */,
			);
			defaultConfigurationIsVisible = 0;
			defaultConfigurationName = Release;
		};
		D266DEAC29C9CC60006F668C /* Build configuration list for PBXNativeTarget "Extension-iOSUITests" */ = {
			isa = XCConfigurationList;
			buildConfigurations = (
				D266DEAD29C9CC60006F668C /* Debug */,
				D266DEAE29C9CC60006F668C /* Release */,
			);
			defaultConfigurationIsVisible = 0;
			defaultConfigurationName = Release;
		};
/* End XCConfigurationList section */
	};
	rootObject = D266DE7429C9CC5D006F668C /* Project object */;
}
